
Microsoft Visual Studio Solution File, Format Version 12.00
# Visual Studio 15
VisualStudioVersion = 15.0.28307.852
MinimumVisualStudioVersion = 10.0.40219.1
Project("{FAE04EC0-301F-11D3-BF4B-00C04F79EFBC}") = "Lab05.Android", "Lab05\Lab05.Android\Lab05.Android.csproj", "{4ED1B756-0E76-44D4-9554-FD98A2785FED}"
EndProject
Project("{FAE04EC0-301F-11D3-BF4B-00C04F79EFBC}") = "Lab05.iOS", "Lab05\Lab05.iOS\Lab05.iOS.csproj", "{DEC4CBDD-4C68-4CB1-A304-A0E3E8847D01}"
EndProject
Project("{FAE04EC0-301F-11D3-BF4B-00C04F79EFBC}") = "Lab05", "Lab05\Lab05\Lab05.csproj", "{290F7167-DD9D-4984-944D-A9863CA38BE3}"
EndProject
Global
	GlobalSection(SolutionConfigurationPlatforms) = preSolution
		Ad-Hoc|Any CPU = Ad-Hoc|Any CPU
		Ad-Hoc|iPhone = Ad-Hoc|iPhone
		Ad-Hoc|iPhoneSimulator = Ad-Hoc|iPhoneSimulator
		AppStore|Any CPU = AppStore|Any CPU
		AppStore|iPhone = AppStore|iPhone
		AppStore|iPhoneSimulator = AppStore|iPhoneSimulator
		Debug|Any CPU = Debug|Any CPU
		Debug|iPhone = Debug|iPhone
		Debug|iPhoneSimulator = Debug|iPhoneSimulator
		Release|Any CPU = Release|Any CPU
		Release|iPhone = Release|iPhone
		Release|iPhoneSimulator = Release|iPhoneSimulator
	EndGlobalSection
	GlobalSection(ProjectConfigurationPlatforms) = postSolution
		{4ED1B756-0E76-44D4-9554-FD98A2785FED}.Ad-Hoc|Any CPU.ActiveCfg = Release|Any CPU
		{4ED1B756-0E76-44D4-9554-FD98A2785FED}.Ad-Hoc|Any CPU.Build.0 = Release|Any CPU
		{4ED1B756-0E76-44D4-9554-FD98A2785FED}.Ad-Hoc|Any CPU.Deploy.0 = Release|Any CPU
		{4ED1B756-0E76-44D4-9554-FD98A2785FED}.Ad-Hoc|iPhone.ActiveCfg = Release|Any CPU
		{4ED1B756-0E76-44D4-9554-FD98A2785FED}.Ad-Hoc|iPhone.Build.0 = Release|Any CPU
		{4ED1B756-0E76-44D4-9554-FD98A2785FED}.Ad-Hoc|iPhone.Deploy.0 = Release|Any CPU
		{4ED1B756-0E76-44D4-9554-FD98A2785FED}.Ad-Hoc|iPhoneSimulator.ActiveCfg = Release|Any CPU
		{4ED1B756-0E76-44D4-9554-FD98A2785FED}.Ad-Hoc|iPhoneSimulator.Build.0 = Release|Any CPU
		{4ED1B756-0E76-44D4-9554-FD98A2785FED}.Ad-Hoc|iPhoneSimulator.Deploy.0 = Release|Any CPU
		{4ED1B756-0E76-44D4-9554-FD98A2785FED}.AppStore|Any CPU.ActiveCfg = Release|Any CPU
		{4ED1B756-0E76-44D4-9554-FD98A2785FED}.AppStore|Any CPU.Build.0 = Release|Any CPU
		{4ED1B756-0E76-44D4-9554-FD98A2785FED}.AppStore|Any CPU.Deploy.0 = Release|Any CPU
		{4ED1B756-0E76-44D4-9554-FD98A2785FED}.AppStore|iPhone.ActiveCfg = Release|Any CPU
		{4ED1B756-0E76-44D4-9554-FD98A2785FED}.AppStore|iPhone.Build.0 = Release|Any CPU
		{4ED1B756-0E76-44D4-9554-FD98A2785FED}.AppStore|iPhone.Deploy.0 = Release|Any CPU
		{4ED1B756-0E76-44D4-9554-FD98A2785FED}.AppStore|iPhoneSimulator.ActiveCfg = Release|Any CPU
		{4ED1B756-0E76-44D4-9554-FD98A2785FED}.AppStore|iPhoneSimulator.Build.0 = Release|Any CPU
		{4ED1B756-0E76-44D4-9554-FD98A2785FED}.AppStore|iPhoneSimulator.Deploy.0 = Release|Any CPU
		{4ED1B756-0E76-44D4-9554-FD98A2785FED}.Debug|Any CPU.ActiveCfg = Debug|Any CPU
		{4ED1B756-0E76-44D4-9554-FD98A2785FED}.Debug|Any CPU.Build.0 = Debug|Any CPU
		{4ED1B756-0E76-44D4-9554-FD98A2785FED}.Debug|Any CPU.Deploy.0 = Debug|Any CPU
		{4ED1B756-0E76-44D4-9554-FD98A2785FED}.Debug|iPhone.ActiveCfg = Debug|Any CPU
		{4ED1B756-0E76-44D4-9554-FD98A2785FED}.Debug|iPhone.Build.0 = Debug|Any CPU
		{4ED1B756-0E76-44D4-9554-FD98A2785FED}.Debug|iPhone.Deploy.0 = Debug|Any CPU
		{4ED1B756-0E76-44D4-9554-FD98A2785FED}.Debug|iPhoneSimulator.ActiveCfg = Debug|Any CPU
		{4ED1B756-0E76-44D4-9554-FD98A2785FED}.Debug|iPhoneSimulator.Build.0 = Debug|Any CPU
		{4ED1B756-0E76-44D4-9554-FD98A2785FED}.Debug|iPhoneSimulator.Deploy.0 = Debug|Any CPU
		{4ED1B756-0E76-44D4-9554-FD98A2785FED}.Release|Any CPU.ActiveCfg = Release|Any CPU
		{4ED1B756-0E76-44D4-9554-FD98A2785FED}.Release|Any CPU.Build.0 = Release|Any CPU
		{4ED1B756-0E76-44D4-9554-FD98A2785FED}.Release|Any CPU.Deploy.0 = Release|Any CPU
		{4ED1B756-0E76-44D4-9554-FD98A2785FED}.Release|iPhone.ActiveCfg = Release|Any CPU
		{4ED1B756-0E76-44D4-9554-FD98A2785FED}.Release|iPhone.Build.0 = Release|Any CPU
		{4ED1B756-0E76-44D4-9554-FD98A2785FED}.Release|iPhone.Deploy.0 = Release|Any CPU
		{4ED1B756-0E76-44D4-9554-FD98A2785FED}.Release|iPhoneSimulator.ActiveCfg = Release|Any CPU
		{4ED1B756-0E76-44D4-9554-FD98A2785FED}.Release|iPhoneSimulator.Build.0 = Release|Any CPU
		{4ED1B756-0E76-44D4-9554-FD98A2785FED}.Release|iPhoneSimulator.Deploy.0 = Release|Any CPU
		{DEC4CBDD-4C68-4CB1-A304-A0E3E8847D01}.Ad-Hoc|Any CPU.ActiveCfg = Ad-Hoc|iPhone
		{DEC4CBDD-4C68-4CB1-A304-A0E3E8847D01}.Ad-Hoc|Any CPU.Build.0 = Ad-Hoc|iPhone
		{DEC4CBDD-4C68-4CB1-A304-A0E3E8847D01}.Ad-Hoc|Any CPU.Deploy.0 = Ad-Hoc|iPhone
		{DEC4CBDD-4C68-4CB1-A304-A0E3E8847D01}.Ad-Hoc|iPhone.ActiveCfg = Ad-Hoc|iPhone
		{DEC4CBDD-4C68-4CB1-A304-A0E3E8847D01}.Ad-Hoc|iPhone.Build.0 = Ad-Hoc|iPhone
		{DEC4CBDD-4C68-4CB1-A304-A0E3E8847D01}.Ad-Hoc|iPhone.Deploy.0 = Ad-Hoc|iPhone
		{DEC4CBDD-4C68-4CB1-A304-A0E3E8847D01}.Ad-Hoc|iPhoneSimulator.ActiveCfg = Ad-Hoc|iPhoneSimulator
		{DEC4CBDD-4C68-4CB1-A304-A0E3E8847D01}.Ad-Hoc|iPhoneSimulator.Build.0 = Ad-Hoc|iPhoneSimulator
		{DEC4CBDD-4C68-4CB1-A304-A0E3E8847D01}.Ad-Hoc|iPhoneSimulator.Deploy.0 = Ad-Hoc|iPhoneSimulator
		{DEC4CBDD-4C68-4CB1-A304-A0E3E8847D01}.AppStore|Any CPU.ActiveCfg = AppStore|iPhone
		{DEC4CBDD-4C68-4CB1-A304-A0E3E8847D01}.AppStore|Any CPU.Build.0 = AppStore|iPhone
		{DEC4CBDD-4C68-4CB1-A304-A0E3E8847D01}.AppStore|Any CPU.Deploy.0 = AppStore|iPhone
		{DEC4CBDD-4C68-4CB1-A304-A0E3E8847D01}.AppStore|iPhone.ActiveCfg = AppStore|iPhone
		{DEC4CBDD-4C68-4CB1-A304-A0E3E8847D01}.AppStore|iPhone.Build.0 = AppStore|iPhone
		{DEC4CBDD-4C68-4CB1-A304-A0E3E8847D01}.AppStore|iPhone.Deploy.0 = AppStore|iPhone
		{DEC4CBDD-4C68-4CB1-A304-A0E3E8847D01}.AppStore|iPhoneSimulator.ActiveCfg = AppStore|iPhoneSimulator
		{DEC4CBDD-4C68-4CB1-A304-A0E3E8847D01}.AppStore|iPhoneSimulator.Build.0 = AppStore|iPhoneSimulator
		{DEC4CBDD-4C68-4CB1-A304-A0E3E8847D01}.AppStore|iPhoneSimulator.Deploy.0 = AppStore|iPhoneSimulator
		{DEC4CBDD-4C68-4CB1-A304-A0E3E8847D01}.Debug|Any CPU.ActiveCfg = Debug|iPhoneSimulator
		{DEC4CBDD-4C68-4CB1-A304-A0E3E8847D01}.Debug|Any CPU.Build.0 = Debug|iPhoneSimulator
		{DEC4CBDD-4C68-4CB1-A304-A0E3E8847D01}.Debug|Any CPU.Deploy.0 = Debug|iPhoneSimulator
		{DEC4CBDD-4C68-4CB1-A304-A0E3E8847D01}.Debug|iPhone.ActiveCfg = Debug|iPhone
		{DEC4CBDD-4C68-4CB1-A304-A0E3E8847D01}.Debug|iPhone.Build.0 = Debug|iPhone
		{DEC4CBDD-4C68-4CB1-A304-A0E3E8847D01}.Debug|iPhone.Deploy.0 = Debug|iPhone
		{DEC4CBDD-4C68-4CB1-A304-A0E3E8847D01}.Debug|iPhoneSimulator.ActiveCfg = Debug|iPhoneSimulator
		{DEC4CBDD-4C68-4CB1-A304-A0E3E8847D01}.Debug|iPhoneSimulator.Build.0 = Debug|iPhoneSimulator
		{DEC4CBDD-4C68-4CB1-A304-A0E3E8847D01}.Debug|iPhoneSimulator.Deploy.0 = Debug|iPhoneSimulator
		{DEC4CBDD-4C68-4CB1-A304-A0E3E8847D01}.Release|Any CPU.ActiveCfg = Release|iPhone
		{DEC4CBDD-4C68-4CB1-A304-A0E3E8847D01}.Release|Any CPU.Build.0 = Release|iPhone
		{DEC4CBDD-4C68-4CB1-A304-A0E3E8847D01}.Release|Any CPU.Deploy.0 = Release|iPhone
		{DEC4CBDD-4C68-4CB1-A304-A0E3E8847D01}.Release|iPhone.ActiveCfg = Release|iPhone
		{DEC4CBDD-4C68-4CB1-A304-A0E3E8847D01}.Release|iPhone.Build.0 = Release|iPhone
		{DEC4CBDD-4C68-4CB1-A304-A0E3E8847D01}.Release|iPhone.Deploy.0 = Release|iPhone
		{DEC4CBDD-4C68-4CB1-A304-A0E3E8847D01}.Release|iPhoneSimulator.ActiveCfg = Release|iPhoneSimulator
		{DEC4CBDD-4C68-4CB1-A304-A0E3E8847D01}.Release|iPhoneSimulator.Build.0 = Release|iPhoneSimulator
		{DEC4CBDD-4C68-4CB1-A304-A0E3E8847D01}.Release|iPhoneSimulator.Deploy.0 = Release|iPhoneSimulator
		{290F7167-DD9D-4984-944D-A9863CA38BE3}.Ad-Hoc|Any CPU.ActiveCfg = Debug|Any CPU
		{290F7167-DD9D-4984-944D-A9863CA38BE3}.Ad-Hoc|Any CPU.Build.0 = Debug|Any CPU
		{290F7167-DD9D-4984-944D-A9863CA38BE3}.Ad-Hoc|Any CPU.Deploy.0 = Debug|Any CPU
		{290F7167-DD9D-4984-944D-A9863CA38BE3}.Ad-Hoc|iPhone.ActiveCfg = Debug|Any CPU
		{290F7167-DD9D-4984-944D-A9863CA38BE3}.Ad-Hoc|iPhone.Build.0 = Debug|Any CPU
		{290F7167-DD9D-4984-944D-A9863CA38BE3}.Ad-Hoc|iPhone.Deploy.0 = Debug|Any CPU
		{290F7167-DD9D-4984-944D-A9863CA38BE3}.Ad-Hoc|iPhoneSimulator.ActiveCfg = Debug|Any CPU
		{290F7167-DD9D-4984-944D-A9863CA38BE3}.Ad-Hoc|iPhoneSimulator.Build.0 = Debug|Any CPU
		{290F7167-DD9D-4984-944D-A9863CA38BE3}.Ad-Hoc|iPhoneSimulator.Deploy.0 = Debug|Any CPU
		{290F7167-DD9D-4984-944D-A9863CA38BE3}.AppStore|Any CPU.ActiveCfg = Debug|Any CPU
		{290F7167-DD9D-4984-944D-A9863CA38BE3}.AppStore|Any CPU.Build.0 = Debug|Any CPU
		{290F7167-DD9D-4984-944D-A9863CA38BE3}.AppStore|Any CPU.Deploy.0 = Debug|Any CPU
		{290F7167-DD9D-4984-944D-A9863CA38BE3}.AppStore|iPhone.ActiveCfg = Debug|Any CPU
		{290F7167-DD9D-4984-944D-A9863CA38BE3}.AppStore|iPhone.Build.0 = Debug|Any CPU
		{290F7167-DD9D-4984-944D-A9863CA38BE3}.AppStore|iPhone.Deploy.0 = Debug|Any CPU
		{290F7167-DD9D-4984-944D-A9863CA38BE3}.AppStore|iPhoneSimulator.ActiveCfg = Debug|Any CPU
		{290F7167-DD9D-4984-944D-A9863CA38BE3}.AppStore|iPhoneSimulator.Build.0 = Debug|Any CPU
		{290F7167-DD9D-4984-944D-A9863CA38BE3}.AppStore|iPhoneSimulator.Deploy.0 = Debug|Any CPU
		{290F7167-DD9D-4984-944D-A9863CA38BE3}.Debug|Any CPU.ActiveCfg = Debug|Any CPU
		{290F7167-DD9D-4984-944D-A9863CA38BE3}.Debug|Any CPU.Build.0 = Debug|Any CPU
		{290F7167-DD9D-4984-944D-A9863CA38BE3}.Debug|Any CPU.Deploy.0 = Debug|Any CPU
		{290F7167-DD9D-4984-944D-A9863CA38BE3}.Debug|iPhone.ActiveCfg = Debug|Any CPU
		{290F7167-DD9D-4984-944D-A9863CA38BE3}.Debug|iPhone.Build.0 = Debug|Any CPU
		{290F7167-DD9D-4984-944D-A9863CA38BE3}.Debug|iPhone.Deploy.0 = Debug|Any CPU
		{290F7167-DD9D-4984-944D-A9863CA38BE3}.Debug|iPhoneSimulator.ActiveCfg = Debug|Any CPU
		{290F7167-DD9D-4984-944D-A9863CA38BE3}.Debug|iPhoneSimulator.Build.0 = Debug|Any CPU
		{290F7167-DD9D-4984-944D-A9863CA38BE3}.Debug|iPhoneSimulator.Deploy.0 = Debug|Any CPU
		{290F7167-DD9D-4984-944D-A9863CA38BE3}.Release|Any CPU.ActiveCfg = Release|Any CPU
		{290F7167-DD9D-4984-944D-A9863CA38BE3}.Release|Any CPU.Build.0 = Release|Any CPU
		{290F7167-DD9D-4984-944D-A9863CA38BE3}.Release|Any CPU.Deploy.0 = Release|Any CPU
		{290F7167-DD9D-4984-944D-A9863CA38BE3}.Release|iPhone.ActiveCfg = Release|Any CPU
		{290F7167-DD9D-4984-944D-A9863CA38BE3}.Release|iPhone.Build.0 = Release|Any CPU
		{290F7167-DD9D-4984-944D-A9863CA38BE3}.Release|iPhone.Deploy.0 = Release|Any CPU
		{290F7167-DD9D-4984-944D-A9863CA38BE3}.Release|iPhoneSimulator.ActiveCfg = Release|Any CPU
		{290F7167-DD9D-4984-944D-A9863CA38BE3}.Release|iPhoneSimulator.Build.0 = Release|Any CPU
		{290F7167-DD9D-4984-944D-A9863CA38BE3}.Release|iPhoneSimulator.Deploy.0 = Release|Any CPU
	EndGlobalSection
	GlobalSection(SolutionProperties) = preSolution
		HideSolutionNode = FALSE
	EndGlobalSection
	GlobalSection(ExtensibilityGlobals) = postSolution
		SolutionGuid = {56AF2AF7-8648-4317-9034-11BB0065DF60}
	EndGlobalSection
EndGlobal
